
Microsoft Visual Studio Solution File, Format Version 12.00
# Visual Studio Version 17
VisualStudioVersion = 17.11.35219.272
MinimumVisualStudioVersion = 10.0.40219.1
Project("{FAE04EC0-301F-11D3-BF4B-00C04F79EFBC}") = "csharp", "csharp.csproj", "{04430767-FE2C-4D04-A8FF-BA5EAF9DFF86}"
EndProject
Global
	GlobalSection(SolutionConfigurationPlatforms) = preSolution
		Debug|Any CPU = Debug|Any CPU
		Release|Any CPU = Release|Any CPU
	EndGlobalSection
	GlobalSection(ProjectConfigurationPlatforms) = postSolution
		{04430767-FE2C-4D04-A8FF-BA5EAF9DFF86}.Debug|Any CPU.ActiveCfg = Debug|Any CPU
		{04430767-FE2C-4D04-A8FF-BA5EAF9DFF86}.Debug|Any CPU.Build.0 = Debug|Any CPU
		{04430767-FE2C-4D04-A8FF-BA5EAF9DFF86}.Release|Any CPU.ActiveCfg = Release|Any CPU
		{04430767-FE2C-4D04-A8FF-BA5EAF9DFF86}.Release|Any CPU.Build.0 = Release|Any CPU
	EndGlobalSection
	GlobalSection(SolutionProperties) = preSolution
		HideSolutionNode = FALSE
	EndGlobalSection
	GlobalSection(ExtensibilityGlobals) = postSolution
		SolutionGuid = {3889BE97-FFE8-4C8C-86D8-21D129FD6823}
	EndGlobalSection
EndGlobal
